<Solution>
  <Folder Name="/src/">
    <Project Path="src/Bronnoysund.Lookup.Application/Bronnoysund.Lookup.Application.csproj" />
    <Project Path="src/Bronnoysund.Lookup.BlazorWeb/Bronnoysund.Lookup.BlazorWeb.csproj" />
    <Project Path="src/Bronnoysund.Lookup.Components/Bronnoysund.Lookup.Components.csproj" />
    <Project Path="src/Bronnoysund.Lookup.Domain/Bronnoysund.Lookup.Domain.csproj" />
    <Project Path="src/Bronnoysund.Lookup.Infrastructure/Bronnoysund.Lookup.Infrastructure.csproj" />
    <Project Path="src/Bronnoysund.Lookup.ViewModels/Bronnoysund.Lookup.ViewModels.csproj" />
    <Project Path="src/Bronnoysund.Lookup.WebApi/Bronnoysund.Lookup.WebApi.csproj" />
  </Folder>
  <Folder Name="/tests/">
    <Project Path="tests/Bronnoysund.Lookup.Application.Tests/Bronnoysund.Lookup.Application.Tests.csproj" />
    <Project Path="tests/Bronnoysund.Lookup.Domain.Tests/Bronnoysund.Lookup.Domain.Tests.csproj" />
    <Project Path="tests/Bronnoysund.Lookup.Infrastructure.Tests/Bronnoysund.Lookup.Infrastructure.Tests.csproj" />
    <Project Path="tests/Bronnoysund.Lookup.ViewModels.Tests/Bronnoysund.Lookup.ViewModels.Tests.csproj" />
  </Folder>
  <Folder Name="/deploy/">
    <File Path="deploy/README.md" />
    <File Path="deploy/deploy.sh" />
    <File Path="deploy/teardown.sh" />
  </Folder>
  <Folder Name="/docs/">
    <File Path="docs/handoff-2026-05-26.md" />
    <File Path="docs/review-2026-05-26.md" />
  </Folder>
  <Folder Name="/docs/presentation/">
    <File Path="docs/presentation/index.html" />
  </Folder>
</Solution>
